github.com/alediaferia/stackgo v1.1.1 h1:3MYQttCZdRk4eDVH7otOMajXRvDsxP/bJjtDvCQhaz8=
github.com/alediaferia/stackgo v1.1.1/go.mod h1:NW+nJN9FW9DahZsLWmbN/YFKpbhEu9AAyNlDVHIWGLo=
github.com/antchfx/xpath v1.0.0/go.mod h1:Yee4kTMuNiPYJ7nSNorELQMr1J33uOpXDMByNYhvtNk=
github.com/antchfx/xpath v1.3.5 h1:PqbXLC3TkfeZyakF5eeh3NTWEbYl4VHNVeufANzDbKQ=
github.com/antchfx/xpath v1.3.5/go.mod h1:i54GszH55fYfBmoZXapTHN8T8tkcHfRgLyVwwqzXNcs=
github.com/stmath/go-xmldom v1.1.3 h1:79THm1oKbS1bYlTxOcjmkxSl2LdyVFziT3gTbo1318o=
github.com/stmath/go-xmldom v1.1.3/go.mod h1:pur+Kw/6V6z9V8+ziqUKMdZLKVuj/SsS1DUST5hw/zQ=
golang.org/x/xerrors v0.0.0-20240903120638-7835f813f4da h1:noIWHXmPHxILtqtCOPIhSt0ABwskkZKjD3bXGnZGpNY=
golang.org/x/xerrors v0.0.0-20240903120638-7835f813f4da/go.mod h1:NDW/Ps6MPRej6fsCIbMTohpP40sJ/P/vI1MoTEGwX90=
